
Microsoft Visual Studio Solution File, Format Version 12.00
# Visual Studio 15
VisualStudioVersion = 15.0.28307.1758
MinimumVisualStudioVersion = 10.0.40219.1
Project("{8BC9CEB8-8B4A-11D0-8D11-00A0C91BC942}") = "Project_Experiment_4", "Project_Experiment_4\Project_Experiment_4.vcxproj", "{FEDE2707-A74D-4315-B809-4DE9742D5A03}"
EndProject
Global
	GlobalSection(SolutionConfigurationPlatforms) = preSolution
		Debug|x64 = Debug|x64
		Debug|x86 = Debug|x86
		Release|x64 = Release|x64
		Release|x86 = Release|x86
	EndGlobalSection
	GlobalSection(ProjectConfigurationPlatforms) = postSolution
		{FEDE2707-A74D-4315-B809-4DE9742D5A03}.Debug|x64.ActiveCfg = Debug|x64
		{FEDE2707-A74D-4315-B809-4DE9742D5A03}.Debug|x64.Build.0 = Debug|x64
		{FEDE2707-A74D-4315-B809-4DE9742D5A03}.Debug|x86.ActiveCfg = Debug|Win32
		{FEDE2707-A74D-4315-B809-4DE9742D5A03}.Debug|x86.Build.0 = Debug|Win32
		{FEDE2707-A74D-4315-B809-4DE9742D5A03}.Release|x64.ActiveCfg = Release|x64
		{FEDE2707-A74D-4315-B809-4DE9742D5A03}.Release|x64.Build.0 = Release|x64
		{FEDE2707-A74D-4315-B809-4DE9742D5A03}.Release|x86.ActiveCfg = Release|Win32
		{FEDE2707-A74D-4315-B809-4DE9742D5A03}.Release|x86.Build.0 = Release|Win32
	EndGlobalSection
	GlobalSection(SolutionProperties) = preSolution
		HideSolutionNode = FALSE
	EndGlobalSection
	GlobalSection(ExtensibilityGlobals) = postSolution
		SolutionGuid = {21A5C211-9BEC-43C2-9665-4477A75D68E2}
	EndGlobalSection
EndGlobal
