
Microsoft Visual Studio Solution File, Format Version 12.00
# Visual Studio 15
VisualStudioVersion = 15.0.28307.1758
MinimumVisualStudioVersion = 10.0.40219.1
Project("{8BC9CEB8-8B4A-11D0-8D11-00A0C91BC942}") = "Project_Experiment_1", "Project_Experiment_1\Project_Experiment_1.vcxproj", "{70A5E405-39C6-4C6C-AD6E-A758720BD2CD}"
EndProject
Global
	GlobalSection(SolutionConfigurationPlatforms) = preSolution
		Debug|x64 = Debug|x64
		Debug|x86 = Debug|x86
		Release|x64 = Release|x64
		Release|x86 = Release|x86
	EndGlobalSection
	GlobalSection(ProjectConfigurationPlatforms) = postSolution
		{70A5E405-39C6-4C6C-AD6E-A758720BD2CD}.Debug|x64.ActiveCfg = Debug|x64
		{70A5E405-39C6-4C6C-AD6E-A758720BD2CD}.Debug|x64.Build.0 = Debug|x64
		{70A5E405-39C6-4C6C-AD6E-A758720BD2CD}.Debug|x86.ActiveCfg = Debug|Win32
		{70A5E405-39C6-4C6C-AD6E-A758720BD2CD}.Debug|x86.Build.0 = Debug|Win32
		{70A5E405-39C6-4C6C-AD6E-A758720BD2CD}.Release|x64.ActiveCfg = Release|x64
		{70A5E405-39C6-4C6C-AD6E-A758720BD2CD}.Release|x64.Build.0 = Release|x64
		{70A5E405-39C6-4C6C-AD6E-A758720BD2CD}.Release|x86.ActiveCfg = Release|Win32
		{70A5E405-39C6-4C6C-AD6E-A758720BD2CD}.Release|x86.Build.0 = Release|Win32
	EndGlobalSection
	GlobalSection(SolutionProperties) = preSolution
		HideSolutionNode = FALSE
	EndGlobalSection
	GlobalSection(ExtensibilityGlobals) = postSolution
		SolutionGuid = {0CB6DC45-920B-42A9-9184-52D0BE68D291}
	EndGlobalSection
EndGlobal
